
Microsoft Visual Studio Solution File, Format Version 12.00
# Visual Studio Version 17
VisualStudioVersion = 17.9.34728.123
MinimumVisualStudioVersion = 10.0.40219.1
Project("{8BC9CEB8-8B4A-11D0-8D11-00A0C91BC942}") = "Bank-1-Project", "Bank-1-Project\Bank-1-Project.vcxproj", "{377AE3E6-ED44-405B-8F73-D97948BF4476}"
EndProject
Global
	GlobalSection(SolutionConfigurationPlatforms) = preSolution
		Debug|x64 = Debug|x64
		Debug|x86 = Debug|x86
		Release|x64 = Release|x64
		Release|x86 = Release|x86
	EndGlobalSection
	GlobalSection(ProjectConfigurationPlatforms) = postSolution
		{377AE3E6-ED44-405B-8F73-D97948BF4476}.Debug|x64.ActiveCfg = Debug|x64
		{377AE3E6-ED44-405B-8F73-D97948BF4476}.Debug|x64.Build.0 = Debug|x64
		{377AE3E6-ED44-405B-8F73-D97948BF4476}.Debug|x86.ActiveCfg = Debug|Win32
		{377AE3E6-ED44-405B-8F73-D97948BF4476}.Debug|x86.Build.0 = Debug|Win32
		{377AE3E6-ED44-405B-8F73-D97948BF4476}.Release|x64.ActiveCfg = Release|x64
		{377AE3E6-ED44-405B-8F73-D97948BF4476}.Release|x64.Build.0 = Release|x64
		{377AE3E6-ED44-405B-8F73-D97948BF4476}.Release|x86.ActiveCfg = Release|Win32
		{377AE3E6-ED44-405B-8F73-D97948BF4476}.Release|x86.Build.0 = Release|Win32
	EndGlobalSection
	GlobalSection(SolutionProperties) = preSolution
		HideSolutionNode = FALSE
	EndGlobalSection
	GlobalSection(ExtensibilityGlobals) = postSolution
		SolutionGuid = {E9B41EF6-AB42-4B79-A013-0D8B11E9E6FC}
	EndGlobalSection
EndGlobal
